
Microsoft Visual Studio Solution File, Format Version 12.00
# Visual Studio 14
VisualStudioVersion = 14.0.25420.1
MinimumVisualStudioVersion = 10.0.40219.1
Project("{FAE04EC0-301F-11D3-BF4B-00C04F79EFBC}") = "Ejercicio 01 cualquier operacion aritmetica", "Cualquier operacion aritmetica\Ejercicio 01 cualquier operacion aritmetica.csproj", "{19977ECA-494E-495F-A2B3-A913F4803583}"
EndProject
Project("{FAE04EC0-301F-11D3-BF4B-00C04F79EFBC}") = "Ejercicio 02 ingreso en una caja de texto y lo muestre en un mensaje", "Ejercicio 2\Ejercicio 02 ingreso en una caja de texto y lo muestre en un mensaje.csproj", "{56443C84-853E-4F3A-8247-FFF4DECEE6CB}"
EndProject
Project("{FAE04EC0-301F-11D3-BF4B-00C04F79EFBC}") = "Ejercicio 03 Concatene Cadenas", "Ejercicio 3 Concatene Cadenas\Ejercicio 03 Concatene Cadenas.csproj", "{43B1D1AE-0EEB-47C8-9E72-F729497D46A8}"
EndProject
Project("{FAE04EC0-301F-11D3-BF4B-00C04F79EFBC}") = "Ejercicio 04 Paises y Banderas", "Ejercicio 4 Paises y Banderas\Ejercicio 04 Paises y Banderas.csproj", "{ACAE740D-CBD9-4095-B10C-2FA88089060D}"
EndProject
Project("{FAE04EC0-301F-11D3-BF4B-00C04F79EFBC}") = "Ejercicio 05 Radiobutton cambiar color", "Ejercicio 5 Radiobutton cambiar color\Ejercicio 05 Radiobutton cambiar color.csproj", "{04272E4B-3B45-415C-9E11-8EC401A544F0}"
EndProject
Project("{FAE04EC0-301F-11D3-BF4B-00C04F79EFBC}") = "Ejercicio 06 Combobox muestre mas elementos", "Ejercicio 6 Combobox muestre mas elementos\Ejercicio 06 Combobox muestre mas elementos.csproj", "{403704E9-DC32-4A71-879F-53484C354091}"
EndProject
Project("{FAE04EC0-301F-11D3-BF4B-00C04F79EFBC}") = "Ejercicio 07 Selecione una imagen", "Ejercicio 7 Selecione una imagen\Ejercicio 07 Selecione una imagen.csproj", "{A0D1A1E8-3ABF-4D3A-8B07-0A748E0C1755}"
EndProject
Project("{FAE04EC0-301F-11D3-BF4B-00C04F79EFBC}") = "Ejercicio 08 LLamar a mas formularios", "Ejercicio 8\Ejercicio 08 LLamar a mas formularios.csproj", "{1A50D60B-DC24-4BB0-9DD7-A642C1C9DFF8}"
EndProject
Project("{FAE04EC0-301F-11D3-BF4B-00C04F79EFBC}") = "Ejercicio 10 Login", "Ejercicio 10 Login\Ejercicio 10 Login.csproj", "{02425236-12AF-49F7-B3B2-81204BE65767}"
EndProject
Project("{FAE04EC0-301F-11D3-BF4B-00C04F79EFBC}") = "Ejercicio 09 Cambio de color mouse", "Ejercicio 9 Cambio de color mouse\Ejercicio 09 Cambio de color mouse.csproj", "{2E205131-ED6E-4DAD-ABC0-4DA3B159FDBE}"
EndProject
Project("{FAE04EC0-301F-11D3-BF4B-00C04F79EFBC}") = "Ejercicio 11 Agregar texto a una lista", "Ejercicio 11 Agregar texto a una lista\Ejercicio 11 Agregar texto a una lista.csproj", "{CB8E6141-9EF2-4E8F-8C48-1FDCC3657F53}"
EndProject
Project("{FAE04EC0-301F-11D3-BF4B-00C04F79EFBC}") = "Ejercicio 12 validar texbox y combobox", "Ejercicio 12 validar texbox y combobox\Ejercicio 12 validar texbox y combobox.csproj", "{F176095D-E483-447B-BC3C-77E6BCD1C0C5}"
EndProject
Project("{FAE04EC0-301F-11D3-BF4B-00C04F79EFBC}") = "Ejercicio 13 Datagridview agregar modificar", "Ejercicio 13 Datagridview agregar modificar\Ejercicio 13 Datagridview agregar modificar.csproj", "{0CC4E8E2-1D65-4CA2-A52B-0F33A01F5741}"
EndProject
Project("{FAE04EC0-301F-11D3-BF4B-00C04F79EFBC}") = "Ejercicio 14 list datagridview", "Ejercicio 14 list datagridview\Ejercicio 14 list datagridview.csproj", "{4F3CB6BB-5ADF-4B90-84A0-7FBF2E6BF5E5}"
EndProject
Project("{FAE04EC0-301F-11D3-BF4B-00C04F79EFBC}") = "Ejercicio 15 Validar filas vacias datagridview", "Ejercicio 15 Validar filas vacias datagridview\Ejercicio 15 Validar filas vacias datagridview.csproj", "{5BBB4084-5929-43FC-B9FC-B1AEA0756EB1}"
EndProject
Project("{FAE04EC0-301F-11D3-BF4B-00C04F79EFBC}") = "Ejercicio 16  Cargar Archivo d texto datagridview", "Ejercicio 16  Cargar Archivo d texto datagridview\Ejercicio 16  Cargar Archivo d texto datagridview.csproj", "{EA625BBB-131F-4F20-A384-B1FB5606808E}"
EndProject
Global
	GlobalSection(SolutionConfigurationPlatforms) = preSolution
		Debug|Any CPU = Debug|Any CPU
		Release|Any CPU = Release|Any CPU
	EndGlobalSection
	GlobalSection(ProjectConfigurationPlatforms) = postSolution
		{19977ECA-494E-495F-A2B3-A913F4803583}.Debug|Any CPU.ActiveCfg = Debug|Any CPU
		{19977ECA-494E-495F-A2B3-A913F4803583}.Debug|Any CPU.Build.0 = Debug|Any CPU
		{19977ECA-494E-495F-A2B3-A913F4803583}.Release|Any CPU.ActiveCfg = Release|Any CPU
		{19977ECA-494E-495F-A2B3-A913F4803583}.Release|Any CPU.Build.0 = Release|Any CPU
		{56443C84-853E-4F3A-8247-FFF4DECEE6CB}.Debug|Any CPU.ActiveCfg = Debug|Any CPU
		{56443C84-853E-4F3A-8247-FFF4DECEE6CB}.Debug|Any CPU.Build.0 = Debug|Any CPU
		{56443C84-853E-4F3A-8247-FFF4DECEE6CB}.Release|Any CPU.ActiveCfg = Release|Any CPU
		{56443C84-853E-4F3A-8247-FFF4DECEE6CB}.Release|Any CPU.Build.0 = Release|Any CPU
		{43B1D1AE-0EEB-47C8-9E72-F729497D46A8}.Debug|Any CPU.ActiveCfg = Debug|Any CPU
		{43B1D1AE-0EEB-47C8-9E72-F729497D46A8}.Debug|Any CPU.Build.0 = Debug|Any CPU
		{43B1D1AE-0EEB-47C8-9E72-F729497D46A8}.Release|Any CPU.ActiveCfg = Release|Any CPU
		{43B1D1AE-0EEB-47C8-9E72-F729497D46A8}.Release|Any CPU.Build.0 = Release|Any CPU
		{ACAE740D-CBD9-4095-B10C-2FA88089060D}.Debug|Any CPU.ActiveCfg = Debug|Any CPU
		{ACAE740D-CBD9-4095-B10C-2FA88089060D}.Debug|Any CPU.Build.0 = Debug|Any CPU
		{ACAE740D-CBD9-4095-B10C-2FA88089060D}.Release|Any CPU.ActiveCfg = Release|Any CPU
		{ACAE740D-CBD9-4095-B10C-2FA88089060D}.Release|Any CPU.Build.0 = Release|Any CPU
		{04272E4B-3B45-415C-9E11-8EC401A544F0}.Debug|Any CPU.ActiveCfg = Debug|Any CPU
		{04272E4B-3B45-415C-9E11-8EC401A544F0}.Debug|Any CPU.Build.0 = Debug|Any CPU
		{04272E4B-3B45-415C-9E11-8EC401A544F0}.Release|Any CPU.ActiveCfg = Release|Any CPU
		{04272E4B-3B45-415C-9E11-8EC401A544F0}.Release|Any CPU.Build.0 = Release|Any CPU
		{403704E9-DC32-4A71-879F-53484C354091}.Debug|Any CPU.ActiveCfg = Debug|Any CPU
		{403704E9-DC32-4A71-879F-53484C354091}.Debug|Any CPU.Build.0 = Debug|Any CPU
		{403704E9-DC32-4A71-879F-53484C354091}.Release|Any CPU.ActiveCfg = Release|Any CPU
		{403704E9-DC32-4A71-879F-53484C354091}.Release|Any CPU.Build.0 = Release|Any CPU
		{A0D1A1E8-3ABF-4D3A-8B07-0A748E0C1755}.Debug|Any CPU.ActiveCfg = Debug|Any CPU
		{A0D1A1E8-3ABF-4D3A-8B07-0A748E0C1755}.Debug|Any CPU.Build.0 = Debug|Any CPU
		{A0D1A1E8-3ABF-4D3A-8B07-0A748E0C1755}.Release|Any CPU.ActiveCfg = Release|Any CPU
		{A0D1A1E8-3ABF-4D3A-8B07-0A748E0C1755}.Release|Any CPU.Build.0 = Release|Any CPU
		{1A50D60B-DC24-4BB0-9DD7-A642C1C9DFF8}.Debug|Any CPU.ActiveCfg = Debug|Any CPU
		{1A50D60B-DC24-4BB0-9DD7-A642C1C9DFF8}.Debug|Any CPU.Build.0 = Debug|Any CPU
		{1A50D60B-DC24-4BB0-9DD7-A642C1C9DFF8}.Release|Any CPU.ActiveCfg = Release|Any CPU
		{1A50D60B-DC24-4BB0-9DD7-A642C1C9DFF8}.Release|Any CPU.Build.0 = Release|Any CPU
		{02425236-12AF-49F7-B3B2-81204BE65767}.Debug|Any CPU.ActiveCfg = Debug|Any CPU
		{02425236-12AF-49F7-B3B2-81204BE65767}.Debug|Any CPU.Build.0 = Debug|Any CPU
		{02425236-12AF-49F7-B3B2-81204BE65767}.Release|Any CPU.ActiveCfg = Release|Any CPU
		{02425236-12AF-49F7-B3B2-81204BE65767}.Release|Any CPU.Build.0 = Release|Any CPU
		{2E205131-ED6E-4DAD-ABC0-4DA3B159FDBE}.Debug|Any CPU.ActiveCfg = Debug|Any CPU
		{2E205131-ED6E-4DAD-ABC0-4DA3B159FDBE}.Debug|Any CPU.Build.0 = Debug|Any CPU
		{2E205131-ED6E-4DAD-ABC0-4DA3B159FDBE}.Release|Any CPU.ActiveCfg = Release|Any CPU
		{2E205131-ED6E-4DAD-ABC0-4DA3B159FDBE}.Release|Any CPU.Build.0 = Release|Any CPU
		{CB8E6141-9EF2-4E8F-8C48-1FDCC3657F53}.Debug|Any CPU.ActiveCfg = Debug|Any CPU
		{CB8E6141-9EF2-4E8F-8C48-1FDCC3657F53}.Debug|Any CPU.Build.0 = Debug|Any CPU
		{CB8E6141-9EF2-4E8F-8C48-1FDCC3657F53}.Release|Any CPU.ActiveCfg = Release|Any CPU
		{CB8E6141-9EF2-4E8F-8C48-1FDCC3657F53}.Release|Any CPU.Build.0 = Release|Any CPU
		{F176095D-E483-447B-BC3C-77E6BCD1C0C5}.Debug|Any CPU.ActiveCfg = Debug|Any CPU
		{F176095D-E483-447B-BC3C-77E6BCD1C0C5}.Debug|Any CPU.Build.0 = Debug|Any CPU
		{F176095D-E483-447B-BC3C-77E6BCD1C0C5}.Release|Any CPU.ActiveCfg = Release|Any CPU
		{F176095D-E483-447B-BC3C-77E6BCD1C0C5}.Release|Any CPU.Build.0 = Release|Any CPU
		{0CC4E8E2-1D65-4CA2-A52B-0F33A01F5741}.Debug|Any CPU.ActiveCfg = Debug|Any CPU
		{0CC4E8E2-1D65-4CA2-A52B-0F33A01F5741}.Debug|Any CPU.Build.0 = Debug|Any CPU
		{0CC4E8E2-1D65-4CA2-A52B-0F33A01F5741}.Release|Any CPU.ActiveCfg = Release|Any CPU
		{0CC4E8E2-1D65-4CA2-A52B-0F33A01F5741}.Release|Any CPU.Build.0 = Release|Any CPU
		{4F3CB6BB-5ADF-4B90-84A0-7FBF2E6BF5E5}.Debug|Any CPU.ActiveCfg = Debug|Any CPU
		{4F3CB6BB-5ADF-4B90-84A0-7FBF2E6BF5E5}.Debug|Any CPU.Build.0 = Debug|Any CPU
		{4F3CB6BB-5ADF-4B90-84A0-7FBF2E6BF5E5}.Release|Any CPU.ActiveCfg = Release|Any CPU
		{4F3CB6BB-5ADF-4B90-84A0-7FBF2E6BF5E5}.Release|Any CPU.Build.0 = Release|Any CPU
		{5BBB4084-5929-43FC-B9FC-B1AEA0756EB1}.Debug|Any CPU.ActiveCfg = Debug|Any CPU
		{5BBB4084-5929-43FC-B9FC-B1AEA0756EB1}.Debug|Any CPU.Build.0 = Debug|Any CPU
		{5BBB4084-5929-43FC-B9FC-B1AEA0756EB1}.Release|Any CPU.ActiveCfg = Release|Any CPU
		{5BBB4084-5929-43FC-B9FC-B1AEA0756EB1}.Release|Any CPU.Build.0 = Release|Any CPU
		{EA625BBB-131F-4F20-A384-B1FB5606808E}.Debug|Any CPU.ActiveCfg = Debug|Any CPU
		{EA625BBB-131F-4F20-A384-B1FB5606808E}.Debug|Any CPU.Build.0 = Debug|Any CPU
		{EA625BBB-131F-4F20-A384-B1FB5606808E}.Release|Any CPU.ActiveCfg = Release|Any CPU
		{EA625BBB-131F-4F20-A384-B1FB5606808E}.Release|Any CPU.Build.0 = Release|Any CPU
	EndGlobalSection
	GlobalSection(SolutionProperties) = preSolution
		HideSolutionNode = FALSE
	EndGlobalSection
EndGlobal
